
Microsoft Visual Studio Solution File, Format Version 12.00
# Visual Studio 14
VisualStudioVersion = 14.0.25420.1
MinimumVisualStudioVersion = 10.0.40219.1
Project("{FAE04EC0-301F-11D3-BF4B-00C04F79EFBC}") = "ContactManagementSystem", "ContactManagementSystem\ContactManagementSystem.csproj", "{025F7AA6-5260-42E8-B838-00EC7CE4CF70}"
EndProject
Project("{54435603-DBB4-11D2-8724-00A0C9A8B90C}") = "Setup", "Setup\Setup.vdproj", "{EECE01DF-D645-41DA-9B4D-07CE83FECC38}"
EndProject
Global
	GlobalSection(SolutionConfigurationPlatforms) = preSolution
		Debug|Any CPU = Debug|Any CPU
		Release|Any CPU = Release|Any CPU
	EndGlobalSection
	GlobalSection(ProjectConfigurationPlatforms) = postSolution
		{025F7AA6-5260-42E8-B838-00EC7CE4CF70}.Debug|Any CPU.ActiveCfg = Debug|Any CPU
		{025F7AA6-5260-42E8-B838-00EC7CE4CF70}.Debug|Any CPU.Build.0 = Debug|Any CPU
		{025F7AA6-5260-42E8-B838-00EC7CE4CF70}.Release|Any CPU.ActiveCfg = Release|Any CPU
		{025F7AA6-5260-42E8-B838-00EC7CE4CF70}.Release|Any CPU.Build.0 = Release|Any CPU
		{EECE01DF-D645-41DA-9B4D-07CE83FECC38}.Debug|Any CPU.ActiveCfg = Debug
		{EECE01DF-D645-41DA-9B4D-07CE83FECC38}.Release|Any CPU.ActiveCfg = Release
	EndGlobalSection
	GlobalSection(SolutionProperties) = preSolution
		HideSolutionNode = FALSE
	EndGlobalSection
EndGlobal
